
Microsoft Visual Studio Solution File, Format Version 12.00
# Visual Studio Version 16
VisualStudioVersion = 16.0.30907.101
MinimumVisualStudioVersion = 10.0.40219.1
Project("{FAE04EC0-301F-11D3-BF4B-00C04F79EFBC}") = "CumulativeProject3", "CumulativeProject3\CumulativeProject3.csproj", "{31BFDD5F-1AA9-4AB0-A930-49840F1372C6}"
EndProject
Global
	GlobalSection(SolutionConfigurationPlatforms) = preSolution
		Debug|Any CPU = Debug|Any CPU
		Release|Any CPU = Release|Any CPU
	EndGlobalSection
	GlobalSection(ProjectConfigurationPlatforms) = postSolution
		{31BFDD5F-1AA9-4AB0-A930-49840F1372C6}.Debug|Any CPU.ActiveCfg = Debug|Any CPU
		{31BFDD5F-1AA9-4AB0-A930-49840F1372C6}.Debug|Any CPU.Build.0 = Debug|Any CPU
		{31BFDD5F-1AA9-4AB0-A930-49840F1372C6}.Release|Any CPU.ActiveCfg = Release|Any CPU
		{31BFDD5F-1AA9-4AB0-A930-49840F1372C6}.Release|Any CPU.Build.0 = Release|Any CPU
	EndGlobalSection
	GlobalSection(SolutionProperties) = preSolution
		HideSolutionNode = FALSE
	EndGlobalSection
	GlobalSection(ExtensibilityGlobals) = postSolution
		SolutionGuid = {E0665D0C-C53F-4E0B-8240-CE843CB14B74}
	EndGlobalSection
EndGlobal
